{
  "_readme": [
    "Este arquivo será gerado pelo Composer quando o Laravel for instalado."
  ],
  "content-hash": "",
  "packages": [],
  "packages-dev": [],
  "aliases": [],
  "minimum-stability": "stable",
  "stability-flags": {},
  "prefer-stable": true,
  "prefer-lowest": false,
  "platform": {},
  "platform-dev": {},
  "plugin-api-version": "2.2.0"
}
